// !$*UTF8*$!
{
	archiveVersion = 1;
	classes = {
	};
	objectVersion = 46;
	objects = {

/* Begin PBXGroup section */
		E3B3CF82193E4FA7008DC1CF = {
			isa = PBXGroup;
			children = (
			);
			sourceTree = "<group>";
		};
/* End PBXGroup section */

/* Begin PBXProject section */
		E3B3CF83193E4FA7008DC1CF /* Project object */ = {
			isa = PBXProject;
			attributes = {
				LastUpgradeCheck = 0510;
			};
			buildConfigurationList = E3B3CF86193E4FA7008DC1CF /* Build configuration list for PBXProject "inference additions" */;
			compatibilityVersion = "Xcode 3.2";
			developmentRegion = English;
			hasScannedForEncodings = 0;
			knownRegions = (
				en,
			);
			mainGroup = E3B3CF82193E4FA7008DC1CF;
			projectDirPath = "";
			projectRoot = "";
			targets = (
			);
		};
/* End PBXProject section */

/* Begin XCBuildConfiguration section */
		E3B3CF87193E4FA8008DC1CF /* Debug */ = {
			isa = XCBuildConfiguration;
			buildSettings = {
			};
			name = Debug;
		};
		E3B3CF88193E4FA8008DC1CF /* Release */ = {
			isa = XCBuildConfiguration;
			buildSettings = {
			};
			name = Release;
		};
/* End XCBuildConfiguration section */

/* Begin XCConfigurationList section */
		E3B3CF86193E4FA7008DC1CF /* Build configuration list for PBXProject "inference additions" */ = {
			isa = XCConfigurationList;
			buildConfigurations = (
				E3B3CF87193E4FA8008DC1CF /* Debug */,
				E3B3CF88193E4FA8008DC1CF /* Release */,
			);
			defaultConfigurationIsVisible = 0;
			defaultConfigurationName = Release;
		};
/* End XCConfigurationList section */
	};
	rootObject = E3B3CF83193E4FA7008DC1CF /* Project object */;
}
